
Microsoft Visual Studio Solution File, Format Version 12.00
# Visual Studio Version 17
VisualStudioVersion = 17.11.35312.102
MinimumVisualStudioVersion = 10.0.40219.1
Project("{FAE04EC0-301F-11D3-BF4B-00C04F79EFBC}") = "RoomifyAR", "RoomifyAR\RoomifyAR.csproj", "{ABE24A3C-5356-47AC-B381-7E2FCF8C6E21}"
EndProject
Global
	GlobalSection(SolutionConfigurationPlatforms) = preSolution
		Debug|Any CPU = Debug|Any CPU
		Release|Any CPU = Release|Any CPU
	EndGlobalSection
	GlobalSection(ProjectConfigurationPlatforms) = postSolution
		{ABE24A3C-5356-47AC-B381-7E2FCF8C6E21}.Debug|Any CPU.ActiveCfg = Debug|Any CPU
		{ABE24A3C-5356-47AC-B381-7E2FCF8C6E21}.Debug|Any CPU.Build.0 = Debug|Any CPU
		{ABE24A3C-5356-47AC-B381-7E2FCF8C6E21}.Release|Any CPU.ActiveCfg = Release|Any CPU
		{ABE24A3C-5356-47AC-B381-7E2FCF8C6E21}.Release|Any CPU.Build.0 = Release|Any CPU
	EndGlobalSection
	GlobalSection(SolutionProperties) = preSolution
		HideSolutionNode = FALSE
	EndGlobalSection
	GlobalSection(ExtensibilityGlobals) = postSolution
		SolutionGuid = {69ECD767-A8BC-42FF-85A5-DCEA433CABCB}
	EndGlobalSection
EndGlobal
